// !$*UTF8*$!
{
	archiveVersion = 1;
	classes = {
	};
	objectVersion = 56;
	objects = {

/* Begin PBXBuildFile section */
		0A1111111111111111111101 /* SlotMachineSuiteApp.swift in Sources */ = {isa = PBXBuildFile; fileRef = 0A1111111111111111111001 /* SlotMachineSuiteApp.swift */; };
		0A1111111111111111111102 /* ContentView.swift in Sources */ = {isa = PBXBuildFile; fileRef = 0A1111111111111111111002 /* ContentView.swift */; };
		0A1111111111111111111103 /* SlotGameViewModel.swift in Sources */ = {isa = PBXBuildFile; fileRef = 0A1111111111111111111003 /* SlotGameViewModel.swift */; };
		0A1111111111111111111104 /* SlotSymbol.swift in Sources */ = {isa = PBXBuildFile; fileRef = 0A1111111111111111111004 /* SlotSymbol.swift */; };
		0A1111111111111111111105 /* SlotMachineView.swift in Sources */ = {isa = PBXBuildFile; fileRef = 0A1111111111111111111005 /* SlotMachineView.swift */; };
		0A1111111111111111111106 /* HeaderViews.swift in Sources */ = {isa = PBXBuildFile; fileRef = 0A1111111111111111111006 /* HeaderViews.swift */; };
		0A1111111111111111111107 /* ControlPanelView.swift in Sources */ = {isa = PBXBuildFile; fileRef = 0A1111111111111111111007 /* ControlPanelView.swift */; };
		0A1111111111111111111108 /* PaytableView.swift in Sources */ = {isa = PBXBuildFile; fileRef = 0A1111111111111111111008 /* PaytableView.swift */; };
		0A1111111111111111111109 /* Assets.xcassets in Resources */ = {isa = PBXBuildFile; fileRef = 0A1111111111111111111009 /* Assets.xcassets */; };
		0A1111111111111111111110 /* AttributionManager.swift in Sources */ = {isa = PBXBuildFile; fileRef = 0A1111111111111111111011 /* AttributionManager.swift */; };
		C03044E2730E40349F46E8BF /* Pods_SlotMachineSuite.framework in Frameworks */ = {isa = PBXBuildFile; fileRef = 4C7C52F55C259CC13E398BB9 /* Pods_SlotMachineSuite.framework */; };
/* End PBXBuildFile section */

/* Begin PBXFileReference section */
		0A1111111111111111111000 /* SlotMachineSuite.app */ = {isa = PBXFileReference; explicitFileType = wrapper.application; includeInIndex = 0; path = SlotMachineSuite.app; sourceTree = BUILT_PRODUCTS_DIR; };
		0A1111111111111111111001 /* SlotMachineSuiteApp.swift */ = {isa = PBXFileReference; lastKnownFileType = sourcecode.swift; path = SlotMachineSuiteApp.swift; sourceTree = "<group>"; };
		0A1111111111111111111002 /* ContentView.swift */ = {isa = PBXFileReference; lastKnownFileType = sourcecode.swift; path = ContentView.swift; sourceTree = "<group>"; };
		0A1111111111111111111003 /* SlotGameViewModel.swift */ = {isa = PBXFileReference; lastKnownFileType = sourcecode.swift; path = SlotGameViewModel.swift; sourceTree = "<group>"; };
		0A1111111111111111111004 /* SlotSymbol.swift */ = {isa = PBXFileReference; lastKnownFileType = sourcecode.swift; path = SlotSymbol.swift; sourceTree = "<group>"; };
		0A1111111111111111111005 /* SlotMachineView.swift */ = {isa = PBXFileReference; lastKnownFileType = sourcecode.swift; path = SlotMachineView.swift; sourceTree = "<group>"; };
		0A1111111111111111111006 /* HeaderViews.swift */ = {isa = PBXFileReference; lastKnownFileType = sourcecode.swift; path = HeaderViews.swift; sourceTree = "<group>"; };
		0A1111111111111111111007 /* ControlPanelView.swift */ = {isa = PBXFileReference; lastKnownFileType = sourcecode.swift; path = ControlPanelView.swift; sourceTree = "<group>"; };
		0A1111111111111111111008 /* PaytableView.swift */ = {isa = PBXFileReference; lastKnownFileType = sourcecode.swift; path = PaytableView.swift; sourceTree = "<group>"; };
		0A1111111111111111111009 /* Assets.xcassets */ = {isa = PBXFileReference; lastKnownFileType = folder.assetcatalog; path = Assets.xcassets; sourceTree = "<group>"; };
		0A1111111111111111111010 /* Info.plist */ = {isa = PBXFileReference; lastKnownFileType = text.plist.xml; path = Info.plist; sourceTree = "<group>"; };
		0A1111111111111111111011 /* AttributionManager.swift */ = {isa = PBXFileReference; lastKnownFileType = sourcecode.swift; path = AttributionManager.swift; sourceTree = "<group>"; };
		16F63FDCFF11D8B509A8730F /* Pods-SlotMachineSuite.release.xcconfig */ = {isa = PBXFileReference; includeInIndex = 1; lastKnownFileType = text.xcconfig; name = "Pods-SlotMachineSuite.release.xcconfig"; path = "Target Support Files/Pods-SlotMachineSuite/Pods-SlotMachineSuite.release.xcconfig"; sourceTree = "<group>"; };
		4C7C52F55C259CC13E398BB9 /* Pods_SlotMachineSuite.framework */ = {isa = PBXFileReference; explicitFileType = wrapper.framework; includeInIndex = 0; path = Pods_SlotMachineSuite.framework; sourceTree = BUILT_PRODUCTS_DIR; };
		A34C63E4B9EA7ED8451F248F /* Pods-SlotMachineSuite.debug.xcconfig */ = {isa = PBXFileReference; includeInIndex = 1; lastKnownFileType = text.xcconfig; name = "Pods-SlotMachineSuite.debug.xcconfig"; path = "Target Support Files/Pods-SlotMachineSuite/Pods-SlotMachineSuite.debug.xcconfig"; sourceTree = "<group>"; };
/* End PBXFileReference section */

/* Begin PBXFrameworksBuildPhase section */
		0A1111111111111111111201 /* Frameworks */ = {
			isa = PBXFrameworksBuildPhase;
			buildActionMask = 2147483647;
			files = (
				C03044E2730E40349F46E8BF /* Pods_SlotMachineSuite.framework in Frameworks */,
			);
			runOnlyForDeploymentPostprocessing = 0;
		};
/* End PBXFrameworksBuildPhase section */

/* Begin PBXGroup section */
		0A1111111111111111111300 = {
			isa = PBXGroup;
			children = (
				0A1111111111111111111301 /* SlotMachineSuite */,
				0A1111111111111111111302 /* Products */,
				938C90164BC5186E83CF5334 /* Pods */,
				CBE52F4C9C00DA584E6BA229 /* Frameworks */,
			);
			sourceTree = "<group>";
		};
		0A1111111111111111111301 /* SlotMachineSuite */ = {
			isa = PBXGroup;
			children = (
				0A1111111111111111111010 /* Info.plist */,
				0A1111111111111111111009 /* Assets.xcassets */,
				0A1111111111111111111303 /* SlotMachineSuite */,
			);
			path = SlotMachineSuite;
			sourceTree = "<group>";
		};
		0A1111111111111111111302 /* Products */ = {
			isa = PBXGroup;
			children = (
				0A1111111111111111111000 /* SlotMachineSuite.app */,
			);
			name = Products;
			sourceTree = "<group>";
		};
		0A1111111111111111111303 /* SlotMachineSuite */ = {
			isa = PBXGroup;
			children = (
				0A1111111111111111111001 /* SlotMachineSuiteApp.swift */,
				0A1111111111111111111002 /* ContentView.swift */,
				0A1111111111111111111003 /* SlotGameViewModel.swift */,
				0A1111111111111111111004 /* SlotSymbol.swift */,
				0A1111111111111111111005 /* SlotMachineView.swift */,
				0A1111111111111111111006 /* HeaderViews.swift */,
				0A1111111111111111111007 /* ControlPanelView.swift */,
				0A1111111111111111111008 /* PaytableView.swift */,
				0A1111111111111111111011 /* AttributionManager.swift */,
			);
			path = SlotMachineSuite;
			sourceTree = "<group>";
		};
		938C90164BC5186E83CF5334 /* Pods */ = {
			isa = PBXGroup;
			children = (
				A34C63E4B9EA7ED8451F248F /* Pods-SlotMachineSuite.debug.xcconfig */,
				16F63FDCFF11D8B509A8730F /* Pods-SlotMachineSuite.release.xcconfig */,
			);
			name = Pods;
			path = Pods;
			sourceTree = "<group>";
		};
		CBE52F4C9C00DA584E6BA229 /* Frameworks */ = {
			isa = PBXGroup;
			children = (
				4C7C52F55C259CC13E398BB9 /* Pods_SlotMachineSuite.framework */,
			);
			name = Frameworks;
			sourceTree = "<group>";
		};
/* End PBXGroup section */

/* Begin PBXNativeTarget section */
		0A1111111111111111111400 /* SlotMachineSuite */ = {
			isa = PBXNativeTarget;
			buildConfigurationList = 0A1111111111111111111802 /* Build configuration list for PBXNativeTarget "SlotMachineSuite" */;
			buildPhases = (
				B0B16B6528C244049D41A607 /* [CP] Check Pods Manifest.lock */,
				0A1111111111111111111202 /* Sources */,
				0A1111111111111111111201 /* Frameworks */,
				0A1111111111111111111203 /* Resources */,
			);
			buildRules = (
			);
			dependencies = (
			);
			name = SlotMachineSuite;
			productName = SlotMachineSuite;
			productReference = 0A1111111111111111111000 /* SlotMachineSuite.app */;
			productType = "com.apple.product-type.application";
		};
/* End PBXNativeTarget section */

/* Begin PBXProject section */
		0A1111111111111111111500 /* Project object */ = {
			isa = PBXProject;
			attributes = {
				BuildIndependentTargetsInParallel = 1;
				LastSwiftUpdateCheck = 1540;
				LastUpgradeCheck = 1540;
				TargetAttributes = {
					0A1111111111111111111400 = {
						CreatedOnToolsVersion = 15.4;
					};
				};
			};
			buildConfigurationList = 0A1111111111111111111801 /* Build configuration list for PBXProject "SlotMachineSuite" */;
			compatibilityVersion = "Xcode 14.0";
			developmentRegion = en;
			hasScannedForEncodings = 0;
			knownRegions = (
				en,
				Base,
			);
			mainGroup = 0A1111111111111111111300;
			productRefGroup = 0A1111111111111111111302 /* Products */;
			projectDirPath = "";
			projectRoot = "";
			targets = (
				0A1111111111111111111400 /* SlotMachineSuite */,
			);
		};
/* End PBXProject section */

/* Begin PBXResourcesBuildPhase section */
		0A1111111111111111111203 /* Resources */ = {
			isa = PBXResourcesBuildPhase;
			buildActionMask = 2147483647;
			files = (
				0A1111111111111111111109 /* Assets.xcassets in Resources */,
			);
			runOnlyForDeploymentPostprocessing = 0;
		};
/* End PBXResourcesBuildPhase section */

/* Begin PBXShellScriptBuildPhase section */
		B0B16B6528C244049D41A607 /* [CP] Check Pods Manifest.lock */ = {
			isa = PBXShellScriptBuildPhase;
			buildActionMask = 2147483647;
			files = (
			);
			inputFileListPaths = (
			);
			inputPaths = (
				"${PODS_PODFILE_DIR_PATH}/Podfile.lock",
				"${PODS_ROOT}/Manifest.lock",
			);
			name = "[CP] Check Pods Manifest.lock";
			outputFileListPaths = (
			);
			outputPaths = (
				"$(DERIVED_FILE_DIR)/Pods-SlotMachineSuite-checkManifestLockResult.txt",
			);
			runOnlyForDeploymentPostprocessing = 0;
			shellPath = /bin/sh;
			shellScript = "diff \"${PODS_PODFILE_DIR_PATH}/Podfile.lock\" \"${PODS_ROOT}/Manifest.lock\" > /dev/null\nif [ $? != 0 ] ; then\n    # print error to STDERR\n    echo \"error: The sandbox is not in sync with the Podfile.lock. Run 'pod install' or update your CocoaPods installation.\" >&2\n    exit 1\nfi\n# This output is used by Xcode 'outputs' to avoid re-running this script phase.\necho \"SUCCESS\" > \"${SCRIPT_OUTPUT_FILE_0}\"\n";
			showEnvVarsInLog = 0;
		};
/* End PBXShellScriptBuildPhase section */

/* Begin PBXSourcesBuildPhase section */
		0A1111111111111111111202 /* Sources */ = {
			isa = PBXSourcesBuildPhase;
			buildActionMask = 2147483647;
			files = (
				0A1111111111111111111101 /* SlotMachineSuiteApp.swift in Sources */,
				0A1111111111111111111102 /* ContentView.swift in Sources */,
				0A1111111111111111111103 /* SlotGameViewModel.swift in Sources */,
				0A1111111111111111111104 /* SlotSymbol.swift in Sources */,
				0A1111111111111111111105 /* SlotMachineView.swift in Sources */,
				0A1111111111111111111106 /* HeaderViews.swift in Sources */,
				0A1111111111111111111107 /* ControlPanelView.swift in Sources */,
				0A1111111111111111111108 /* PaytableView.swift in Sources */,
				0A1111111111111111111110 /* AttributionManager.swift in Sources */,
			);
			runOnlyForDeploymentPostprocessing = 0;
		};
/* End PBXSourcesBuildPhase section */

/* Begin XCBuildConfiguration section */
		0A1111111111111111111601 /* Debug */ = {
			isa = XCBuildConfiguration;
			buildSettings = {
				ALWAYS_SEARCH_USER_PATHS = NO;
				CLANG_ANALYZER_NONNULL = YES;
				CLANG_ANALYZER_NUMBER_OBJECT_CONVERSION = YES_AGGRESSIVE;
				CLANG_CXX_LANGUAGE_STANDARD = "gnu++20";
				CLANG_ENABLE_MODULES = YES;
				CLANG_ENABLE_OBJC_ARC = YES;
				CLANG_ENABLE_OBJC_WEAK = YES;
				CLANG_WARN_BLOCK_CAPTURE_AUTORELEASING = YES;
				CLANG_WARN_BOOL_CONVERSION = YES;
				CLANG_WARN_COMMA = YES;
				CLANG_WARN_CONSTANT_CONVERSION = YES;
				CLANG_WARN_DEPRECATED_OBJC_IMPLEMENTATIONS = YES;
				CLANG_WARN_DIRECT_OBJC_ISA_USAGE = YES_ERROR;
				CLANG_WARN_DOCUMENTATION_COMMENTS = YES;
				CLANG_WARN_EMPTY_BODY = YES;
				CLANG_WARN_ENUM_CONVERSION = YES;
				CLANG_WARN_INFINITE_RECURSION = YES;
				CLANG_WARN_INT_CONVERSION = YES;
				CLANG_WARN_NON_LITERAL_NULL_CONVERSION = YES;
				CLANG_WARN_OBJC_IMPLICIT_RETAIN_SELF = YES;
				CLANG_WARN_OBJC_LITERAL_CONVERSION = YES;
				CLANG_WARN_OBJC_ROOT_CLASS = YES_ERROR;
				CLANG_WARN_QUOTED_INCLUDE_IN_FRAMEWORK_HEADER = YES;
				CLANG_WARN_RANGE_LOOP_ANALYSIS = YES;
				CLANG_WARN_STRICT_PROTOTYPES = YES;
				CLANG_WARN_SUSPICIOUS_MOVE = YES;
				CODE_SIGN_STYLE = Automatic;
				COPY_PHASE_STRIP = NO;
				DEBUG_INFORMATION_FORMAT = dwarf;
				ENABLE_STRICT_OBJC_MSGSEND = YES;
				ENABLE_TESTABILITY = YES;
				ENABLE_USER_SCRIPT_SANDBOXING = YES;
				GCC_C_LANGUAGE_STANDARD = gnu17;
				GCC_DYNAMIC_NO_PIC = NO;
				GCC_NO_COMMON_BLOCKS = YES;
				GCC_OPTIMIZATION_LEVEL = 0;
				GCC_PREPROCESSOR_DEFINITIONS = (
					"DEBUG=1",
					"$(inherited)",
				);
				GCC_WARN_64_TO_32_BIT_CONVERSION = YES;
				GCC_WARN_ABOUT_RETURN_TYPE = YES_ERROR;
				GCC_WARN_UNDECLARED_SELECTOR = YES;
				GCC_WARN_UNINITIALIZED_AUTOS = YES_AGGRESSIVE;
				GCC_WARN_UNUSED_FUNCTION = YES;
				GCC_WARN_UNUSED_VARIABLE = YES;
				IPHONEOS_DEPLOYMENT_TARGET = 17.0;
				MTL_ENABLE_DEBUG_INFO = INCLUDE_SOURCE;
				MTL_FAST_MATH = YES;
				ONLY_ACTIVE_ARCH = YES;
				SDKROOT = iphoneos;
				SWIFT_ACTIVE_COMPILATION_CONDITIONS = DEBUG;
				SWIFT_OPTIMIZATION_LEVEL = "-Onone";
			};
			name = Debug;
		};
		0A1111111111111111111602 /* Release */ = {
			isa = XCBuildConfiguration;
			buildSettings = {
				ALWAYS_SEARCH_USER_PATHS = NO;
				CLANG_ANALYZER_NONNULL = YES;
				CLANG_ANALYZER_NUMBER_OBJECT_CONVERSION = YES_AGGRESSIVE;
				CLANG_CXX_LANGUAGE_STANDARD = "gnu++20";
				CLANG_ENABLE_MODULES = YES;
				CLANG_ENABLE_OBJC_ARC = YES;
				CLANG_ENABLE_OBJC_WEAK = YES;
				CLANG_WARN_BLOCK_CAPTURE_AUTORELEASING = YES;
				CLANG_WARN_BOOL_CONVERSION = YES;
				CLANG_WARN_COMMA = YES;
				CLANG_WARN_CONSTANT_CONVERSION = YES;
				CLANG_WARN_DEPRECATED_OBJC_IMPLEMENTATIONS = YES;
				CLANG_WARN_DIRECT_OBJC_ISA_USAGE = YES_ERROR;
				CLANG_WARN_DOCUMENTATION_COMMENTS = YES;
				CLANG_WARN_EMPTY_BODY = YES;
				CLANG_WARN_ENUM_CONVERSION = YES;
				CLANG_WARN_INFINITE_RECURSION = YES;
				CLANG_WARN_INT_CONVERSION = YES;
				CLANG_WARN_NON_LITERAL_NULL_CONVERSION = YES;
				CLANG_WARN_OBJC_IMPLICIT_RETAIN_SELF = YES;
				CLANG_WARN_OBJC_LITERAL_CONVERSION = YES;
				CLANG_WARN_OBJC_ROOT_CLASS = YES_ERROR;
				CLANG_WARN_QUOTED_INCLUDE_IN_FRAMEWORK_HEADER = YES;
				CLANG_WARN_RANGE_LOOP_ANALYSIS = YES;
				CLANG_WARN_STRICT_PROTOTYPES = YES;
				CLANG_WARN_SUSPICIOUS_MOVE = YES;
				CODE_SIGN_STYLE = Automatic;
				COPY_PHASE_STRIP = NO;
				DEBUG_INFORMATION_FORMAT = "dwarf-with-dsym";
				ENABLE_NS_ASSERTIONS = NO;
				ENABLE_STRICT_OBJC_MSGSEND = YES;
				ENABLE_USER_SCRIPT_SANDBOXING = YES;
				GCC_C_LANGUAGE_STANDARD = gnu17;
				GCC_NO_COMMON_BLOCKS = YES;
				GCC_WARN_64_TO_32_BIT_CONVERSION = YES;
				GCC_WARN_ABOUT_RETURN_TYPE = YES_ERROR;
				GCC_WARN_UNDECLARED_SELECTOR = YES;
				GCC_WARN_UNINITIALIZED_AUTOS = YES_AGGRESSIVE;
				GCC_WARN_UNUSED_FUNCTION = YES;
				GCC_WARN_UNUSED_VARIABLE = YES;
				IPHONEOS_DEPLOYMENT_TARGET = 17.0;
				MTL_ENABLE_DEBUG_INFO = NO;
				MTL_FAST_MATH = YES;
				SDKROOT = iphoneos;
				SWIFT_COMPILATION_MODE = wholemodule;
				SWIFT_OPTIMIZATION_LEVEL = "-O";
				VALIDATE_PRODUCT = YES;
			};
			name = Release;
		};
		0A1111111111111111111701 /* Debug */ = {
			isa = XCBuildConfiguration;
			baseConfigurationReference = A34C63E4B9EA7ED8451F248F /* Pods-SlotMachineSuite.debug.xcconfig */;
			buildSettings = {
				ASSETCATALOG_COMPILER_ACCENT_COLOR_NAME = AccentColor;
				ASSETCATALOG_COMPILER_APPICON_NAME = AppIcon;
				CODE_SIGN_STYLE = Automatic;
				CURRENT_PROJECT_VERSION = 1;
				DEVELOPMENT_ASSET_PATHS = "";
				DEVELOPMENT_TEAM = "";
				ENABLE_PREVIEWS = YES;
				GENERATE_INFOPLIST_FILE = NO;
				INFOPLIST_FILE = SlotMachineSuite/Info.plist;
				INFOPLIST_KEY_CFBundleDisplayName = "Slot Machine Suite";
				LD_RUNPATH_SEARCH_PATHS = (
					"$(inherited)",
					"@executable_path/Frameworks",
				);
				MARKETING_VERSION = 1.0;
				PRODUCT_BUNDLE_IDENTIFIER = com.arvin.slotmachinesuite;
				PRODUCT_NAME = "$(TARGET_NAME)";
				SUPPORTED_PLATFORMS = "iphoneos iphonesimulator";
				SUPPORTS_MACCATALYST = NO;
				SWIFT_EMIT_LOC_STRINGS = YES;
				SWIFT_VERSION = 5.0;
				TARGETED_DEVICE_FAMILY = "1,2";
			};
			name = Debug;
		};
		0A1111111111111111111702 /* Release */ = {
			isa = XCBuildConfiguration;
			baseConfigurationReference = 16F63FDCFF11D8B509A8730F /* Pods-SlotMachineSuite.release.xcconfig */;
			buildSettings = {
				ASSETCATALOG_COMPILER_ACCENT_COLOR_NAME = AccentColor;
				ASSETCATALOG_COMPILER_APPICON_NAME = AppIcon;
				CODE_SIGN_STYLE = Automatic;
				CURRENT_PROJECT_VERSION = 1;
				DEVELOPMENT_ASSET_PATHS = "";
				DEVELOPMENT_TEAM = "";
				ENABLE_PREVIEWS = YES;
				GENERATE_INFOPLIST_FILE = NO;
				INFOPLIST_FILE = SlotMachineSuite/Info.plist;
				INFOPLIST_KEY_CFBundleDisplayName = "Slot Machine Suite";
				LD_RUNPATH_SEARCH_PATHS = (
					"$(inherited)",
					"@executable_path/Frameworks",
				);
				MARKETING_VERSION = 1.0;
				PRODUCT_BUNDLE_IDENTIFIER = com.arvin.slotmachinesuite;
				PRODUCT_NAME = "$(TARGET_NAME)";
				SUPPORTED_PLATFORMS = "iphoneos iphonesimulator";
				SUPPORTS_MACCATALYST = NO;
				SWIFT_EMIT_LOC_STRINGS = YES;
				SWIFT_VERSION = 5.0;
				TARGETED_DEVICE_FAMILY = "1,2";
			};
			name = Release;
		};
/* End XCBuildConfiguration section */

/* Begin XCConfigurationList section */
		0A1111111111111111111801 /* Build configuration list for PBXProject "SlotMachineSuite" */ = {
			isa = XCConfigurationList;
			buildConfigurations = (
				0A1111111111111111111601 /* Debug */,
				0A1111111111111111111602 /* Release */,
			);
			defaultConfigurationIsVisible = 0;
			defaultConfigurationName = Release;
		};
		0A1111111111111111111802 /* Build configuration list for PBXNativeTarget "SlotMachineSuite" */ = {
			isa = XCConfigurationList;
			buildConfigurations = (
				0A1111111111111111111701 /* Debug */,
				0A1111111111111111111702 /* Release */,
			);
			defaultConfigurationIsVisible = 0;
			defaultConfigurationName = Release;
		};
/* End XCConfigurationList section */
	};
	rootObject = 0A1111111111111111111500 /* Project object */;
}
